
Microsoft Visual Studio Solution File, Format Version 12.00
# Visual Studio Version 16
VisualStudioVersion = 16.0.33423.256
MinimumVisualStudioVersion = 10.0.40219.1
Project("{FAE04EC0-301F-11D3-BF4B-00C04F79EFBC}") = "Mvc_Project_Ex", "Mvc_Project_Ex\Mvc_Project_Ex.csproj", "{77BCB34B-BEB7-49D0-BAFF-A6267ADC8A74}"
EndProject
Project("{FAE04EC0-301F-11D3-BF4B-00C04F79EFBC}") = "Mob_dal", "Mob_dal\Mob_dal.csproj", "{FFF85771-BFD4-4645-9154-16DDEC4E25FA}"
EndProject
Global
	GlobalSection(SolutionConfigurationPlatforms) = preSolution
		Debug|Any CPU = Debug|Any CPU
		Release|Any CPU = Release|Any CPU
	EndGlobalSection
	GlobalSection(ProjectConfigurationPlatforms) = postSolution
		{77BCB34B-BEB7-49D0-BAFF-A6267ADC8A74}.Debug|Any CPU.ActiveCfg = Debug|Any CPU
		{77BCB34B-BEB7-49D0-BAFF-A6267ADC8A74}.Debug|Any CPU.Build.0 = Debug|Any CPU
		{77BCB34B-BEB7-49D0-BAFF-A6267ADC8A74}.Release|Any CPU.ActiveCfg = Release|Any CPU
		{77BCB34B-BEB7-49D0-BAFF-A6267ADC8A74}.Release|Any CPU.Build.0 = Release|Any CPU
		{FFF85771-BFD4-4645-9154-16DDEC4E25FA}.Debug|Any CPU.ActiveCfg = Debug|Any CPU
		{FFF85771-BFD4-4645-9154-16DDEC4E25FA}.Debug|Any CPU.Build.0 = Debug|Any CPU
		{FFF85771-BFD4-4645-9154-16DDEC4E25FA}.Release|Any CPU.ActiveCfg = Release|Any CPU
		{FFF85771-BFD4-4645-9154-16DDEC4E25FA}.Release|Any CPU.Build.0 = Release|Any CPU
	EndGlobalSection
	GlobalSection(SolutionProperties) = preSolution
		HideSolutionNode = FALSE
	EndGlobalSection
	GlobalSection(ExtensibilityGlobals) = postSolution
		SolutionGuid = {338C071C-33A4-41D2-9D42-A361756EAAC6}
	EndGlobalSection
EndGlobal
